
Microsoft Visual Studio Solution File, Format Version 12.00
# Visual Studio Version 16
VisualStudioVersion = 16.0.31019.35
MinimumVisualStudioVersion = 10.0.40219.1
Project("{FAE04EC0-301F-11D3-BF4B-00C04F79EFBC}") = "SampleAppPOC", "SampleAppPOC\SampleAppPOC.csproj", "{D4063E85-D62D-4C36-9A27-6B09CDA064EB}"
EndProject
Global
	GlobalSection(SolutionConfigurationPlatforms) = preSolution
		Debug|Any CPU = Debug|Any CPU
		Release|Any CPU = Release|Any CPU
	EndGlobalSection
	GlobalSection(ProjectConfigurationPlatforms) = postSolution
		{D4063E85-D62D-4C36-9A27-6B09CDA064EB}.Debug|Any CPU.ActiveCfg = Debug|Any CPU
		{D4063E85-D62D-4C36-9A27-6B09CDA064EB}.Debug|Any CPU.Build.0 = Debug|Any CPU
		{D4063E85-D62D-4C36-9A27-6B09CDA064EB}.Release|Any CPU.ActiveCfg = Release|Any CPU
		{D4063E85-D62D-4C36-9A27-6B09CDA064EB}.Release|Any CPU.Build.0 = Release|Any CPU
	EndGlobalSection
	GlobalSection(SolutionProperties) = preSolution
		HideSolutionNode = FALSE
	EndGlobalSection
	GlobalSection(ExtensibilityGlobals) = postSolution
		SolutionGuid = {2E8C62CC-BC51-4F4A-82F0-B635700356F8}
	EndGlobalSection
EndGlobal
